// !$*UTF8*$!
{
	archiveVersion = 1;
	classes = {
	};
	objectVersion = 46;
	objects = {

/* Begin PBXBuildFile section */
		A51643661F2797E80087BCEA /* CoreDataStack.swift in Sources */ = {isa = PBXBuildFile; fileRef = A51643651F2797E80087BCEA /* CoreDataStack.swift */; };
		A51643681F27A5160087BCEA /* ActivityIndicator.swift in Sources */ = {isa = PBXBuildFile; fileRef = A51643671F27A5160087BCEA /* ActivityIndicator.swift */; };
		A516436A1F27A5290087BCEA /* Animation.swift in Sources */ = {isa = PBXBuildFile; fileRef = A51643691F27A5290087BCEA /* Animation.swift */; };
		A516436C1F27A5440087BCEA /* ActivityIndicatorConfig.swift in Sources */ = {isa = PBXBuildFile; fileRef = A516436B1F27A5440087BCEA /* ActivityIndicatorConfig.swift */; };
		A516436E1F27A7D90087BCEA /* CoreDataTableViewController.swift in Sources */ = {isa = PBXBuildFile; fileRef = A516436D1F27A7D90087BCEA /* CoreDataTableViewController.swift */; };
		A51643701F27A8040087BCEA /* WeatherInfoTableViewController.swift in Sources */ = {isa = PBXBuildFile; fileRef = A516436F1F27A8040087BCEA /* WeatherInfoTableViewController.swift */; };
		A51643721F27B8D00087BCEA /* WeatherDetailViewController.swift in Sources */ = {isa = PBXBuildFile; fileRef = A51643711F27B8D00087BCEA /* WeatherDetailViewController.swift */; };
		A5AAA14D1F26EDA80024DBC7 /* Model.xcdatamodeld in Sources */ = {isa = PBXBuildFile; fileRef = A5AAA14B1F26EDA80024DBC7 /* Model.xcdatamodeld */; };
		A5AAA1501F2704FF0024DBC7 /* Weather+CoreDataClass.swift in Sources */ = {isa = PBXBuildFile; fileRef = A5AAA14E1F2704FF0024DBC7 /* Weather+CoreDataClass.swift */; };
		A5AAA1511F2704FF0024DBC7 /* Weather+CoreDataProperties.swift in Sources */ = {isa = PBXBuildFile; fileRef = A5AAA14F1F2704FF0024DBC7 /* Weather+CoreDataProperties.swift */; };
		A5D392751F2481AD00D18192 /* AppDelegate.swift in Sources */ = {isa = PBXBuildFile; fileRef = A5D392741F2481AD00D18192 /* AppDelegate.swift */; };
		A5D3927A1F2481AD00D18192 /* Main.storyboard in Resources */ = {isa = PBXBuildFile; fileRef = A5D392781F2481AD00D18192 /* Main.storyboard */; };
		A5D3927C1F2481AD00D18192 /* Assets.xcassets in Resources */ = {isa = PBXBuildFile; fileRef = A5D3927B1F2481AD00D18192 /* Assets.xcassets */; };
		A5D3927F1F2481AD00D18192 /* LaunchScreen.storyboard in Resources */ = {isa = PBXBuildFile; fileRef = A5D3927D1F2481AD00D18192 /* LaunchScreen.storyboard */; };
		A5D3928A1F2481AD00D18192 /* WeatherInfoTests.swift in Sources */ = {isa = PBXBuildFile; fileRef = A5D392891F2481AD00D18192 /* WeatherInfoTests.swift */; };
		A5D392951F2481AD00D18192 /* WeatherInfoUITests.swift in Sources */ = {isa = PBXBuildFile; fileRef = A5D392941F2481AD00D18192 /* WeatherInfoUITests.swift */; };
		A5D392A31F24FA4000D18192 /* WeatherSearchViewController.swift in Sources */ = {isa = PBXBuildFile; fileRef = A5D392A21F24FA4000D18192 /* WeatherSearchViewController.swift */; };
		A5D392A91F25088300D18192 /* Constants.swift in Sources */ = {isa = PBXBuildFile; fileRef = A5D392A81F25088300D18192 /* Constants.swift */; };
		A5D392AB1F25092B00D18192 /* openWeatherParseClient.swift in Sources */ = {isa = PBXBuildFile; fileRef = A5D392AA1F25092B00D18192 /* openWeatherParseClient.swift */; };
/* End PBXBuildFile section */

/* Begin PBXContainerItemProxy section */
		A5D392861F2481AD00D18192 /* PBXContainerItemProxy */ = {
			isa = PBXContainerItemProxy;
			containerPortal = A5D392691F2481AD00D18192 /* Project object */;
			proxyType = 1;
			remoteGlobalIDString = A5D392701F2481AD00D18192;
			remoteInfo = WeatherInfo;
		};
		A5D392911F2481AD00D18192 /* PBXContainerItemProxy */ = {
			isa = PBXContainerItemProxy;
			containerPortal = A5D392691F2481AD00D18192 /* Project object */;
			proxyType = 1;
			remoteGlobalIDString = A5D392701F2481AD00D18192;
			remoteInfo = WeatherInfo;
		};
/* End PBXContainerItemProxy section */

/* Begin PBXFileReference section */
		A51643651F2797E80087BCEA /* CoreDataStack.swift */ = {isa = PBXFileReference; fileEncoding = 4; lastKnownFileType = sourcecode.swift; name = CoreDataStack.swift; path = ../CoreDataStack.swift; sourceTree = "<group>"; };
		A51643671F27A5160087BCEA /* ActivityIndicator.swift */ = {isa = PBXFileReference; fileEncoding = 4; lastKnownFileType = sourcecode.swift; path = ActivityIndicator.swift; sourceTree = "<group>"; };
		A51643691F27A5290087BCEA /* Animation.swift */ = {isa = PBXFileReference; fileEncoding = 4; lastKnownFileType = sourcecode.swift; path = Animation.swift; sourceTree = "<group>"; };
		A516436B1F27A5440087BCEA /* ActivityIndicatorConfig.swift */ = {isa = PBXFileReference; fileEncoding = 4; lastKnownFileType = sourcecode.swift; path = ActivityIndicatorConfig.swift; sourceTree = "<group>"; };
		A516436D1F27A7D90087BCEA /* CoreDataTableViewController.swift */ = {isa = PBXFileReference; fileEncoding = 4; lastKnownFileType = sourcecode.swift; path = CoreDataTableViewController.swift; sourceTree = "<group>"; };
		A516436F1F27A8040087BCEA /* WeatherInfoTableViewController.swift */ = {isa = PBXFileReference; fileEncoding = 4; lastKnownFileType = sourcecode.swift; path = WeatherInfoTableViewController.swift; sourceTree = "<group>"; };
		A51643711F27B8D00087BCEA /* WeatherDetailViewController.swift */ = {isa = PBXFileReference; fileEncoding = 4; lastKnownFileType = sourcecode.swift; path = WeatherDetailViewController.swift; sourceTree = "<group>"; };
		A5AAA14C1F26EDA80024DBC7 /* Model.xcdatamodel */ = {isa = PBXFileReference; lastKnownFileType = wrapper.xcdatamodel; path = Model.xcdatamodel; sourceTree = "<group>"; };
		A5AAA14E1F2704FF0024DBC7 /* Weather+CoreDataClass.swift */ = {isa = PBXFileReference; fileEncoding = 4; lastKnownFileType = sourcecode.swift; name = "Weather+CoreDataClass.swift"; path = "../Weather+CoreDataClass.swift"; sourceTree = "<group>"; };
		A5AAA14F1F2704FF0024DBC7 /* Weather+CoreDataProperties.swift */ = {isa = PBXFileReference; fileEncoding = 4; lastKnownFileType = sourcecode.swift; name = "Weather+CoreDataProperties.swift"; path = "../Weather+CoreDataProperties.swift"; sourceTree = "<group>"; };
		A5D392711F2481AD00D18192 /* WeatherInfo.app */ = {isa = PBXFileReference; explicitFileType = wrapper.application; includeInIndex = 0; path = WeatherInfo.app; sourceTree = BUILT_PRODUCTS_DIR; };
		A5D392741F2481AD00D18192 /* AppDelegate.swift */ = {isa = PBXFileReference; lastKnownFileType = sourcecode.swift; name = AppDelegate.swift; path = WeatherInfo/AppDelegate.swift; sourceTree = "<group>"; };
		A5D392791F2481AD00D18192 /* Base */ = {isa = PBXFileReference; lastKnownFileType = file.storyboard; name = Base; path = Base.lproj/Main.storyboard; sourceTree = "<group>"; };
		A5D3927B1F2481AD00D18192 /* Assets.xcassets */ = {isa = PBXFileReference; lastKnownFileType = folder.assetcatalog; path = Assets.xcassets; sourceTree = "<group>"; };
		A5D3927E1F2481AD00D18192 /* Base */ = {isa = PBXFileReference; lastKnownFileType = file.storyboard; name = Base; path = Base.lproj/LaunchScreen.storyboard; sourceTree = "<group>"; };
		A5D392801F2481AD00D18192 /* Info.plist */ = {isa = PBXFileReference; lastKnownFileType = text.plist.xml; path = Info.plist; sourceTree = "<group>"; };
		A5D392851F2481AD00D18192 /* WeatherInfoTests.xctest */ = {isa = PBXFileReference; explicitFileType = wrapper.cfbundle; includeInIndex = 0; path = WeatherInfoTests.xctest; sourceTree = BUILT_PRODUCTS_DIR; };
		A5D392891F2481AD00D18192 /* WeatherInfoTests.swift */ = {isa = PBXFileReference; lastKnownFileType = sourcecode.swift; path = WeatherInfoTests.swift; sourceTree = "<group>"; };
		A5D3928B1F2481AD00D18192 /* Info.plist */ = {isa = PBXFileReference; lastKnownFileType = text.plist.xml; path = Info.plist; sourceTree = "<group>"; };
		A5D392901F2481AD00D18192 /* WeatherInfoUITests.xctest */ = {isa = PBXFileReference; explicitFileType = wrapper.cfbundle; includeInIndex = 0; path = WeatherInfoUITests.xctest; sourceTree = BUILT_PRODUCTS_DIR; };
		A5D392941F2481AD00D18192 /* WeatherInfoUITests.swift */ = {isa = PBXFileReference; lastKnownFileType = sourcecode.swift; path = WeatherInfoUITests.swift; sourceTree = "<group>"; };
		A5D392961F2481AD00D18192 /* Info.plist */ = {isa = PBXFileReference; lastKnownFileType = text.plist.xml; path = Info.plist; sourceTree = "<group>"; };
		A5D392A21F24FA4000D18192 /* WeatherSearchViewController.swift */ = {isa = PBXFileReference; fileEncoding = 4; lastKnownFileType = sourcecode.swift; path = WeatherSearchViewController.swift; sourceTree = "<group>"; };
		A5D392A81F25088300D18192 /* Constants.swift */ = {isa = PBXFileReference; fileEncoding = 4; lastKnownFileType = sourcecode.swift; name = Constants.swift; path = WeatherInfo/Constants.swift; sourceTree = "<group>"; };
		A5D392AA1F25092B00D18192 /* openWeatherParseClient.swift */ = {isa = PBXFileReference; fileEncoding = 4; lastKnownFileType = sourcecode.swift; path = openWeatherParseClient.swift; sourceTree = "<group>"; };
/* End PBXFileReference section */

/* Begin PBXFrameworksBuildPhase section */
		A5D3926E1F2481AD00D18192 /* Frameworks */ = {
			isa = PBXFrameworksBuildPhase;
			buildActionMask = 2147483647;
			files = (
			);
			runOnlyForDeploymentPostprocessing = 0;
		};
		A5D392821F2481AD00D18192 /* Frameworks */ = {
			isa = PBXFrameworksBuildPhase;
			buildActionMask = 2147483647;
			files = (
			);
			runOnlyForDeploymentPostprocessing = 0;
		};
		A5D3928D1F2481AD00D18192 /* Frameworks */ = {
			isa = PBXFrameworksBuildPhase;
			buildActionMask = 2147483647;
			files = (
			);
			runOnlyForDeploymentPostprocessing = 0;
		};
/* End PBXFrameworksBuildPhase section */

/* Begin PBXGroup section */
		A5D392681F2481AD00D18192 = {
			isa = PBXGroup;
			children = (
				A5D392741F2481AD00D18192 /* AppDelegate.swift */,
				A5D392A81F25088300D18192 /* Constants.swift */,
				A5D392731F2481AD00D18192 /* WeatherInfo */,
				A5D392881F2481AD00D18192 /* WeatherInfoTests */,
				A5D392931F2481AD00D18192 /* WeatherInfoUITests */,
				A5D392721F2481AD00D18192 /* Products */,
			);
			sourceTree = "<group>";
		};
		A5D392721F2481AD00D18192 /* Products */ = {
			isa = PBXGroup;
			children = (
				A5D392711F2481AD00D18192 /* WeatherInfo.app */,
				A5D392851F2481AD00D18192 /* WeatherInfoTests.xctest */,
				A5D392901F2481AD00D18192 /* WeatherInfoUITests.xctest */,
			);
			name = Products;
			sourceTree = "<group>";
		};
		A5D392731F2481AD00D18192 /* WeatherInfo */ = {
			isa = PBXGroup;
			children = (
				A5D392A41F24FA6600D18192 /* Model */,
				A5D392A51F24FA6B00D18192 /* View */,
				A5D392A61F24FA7400D18192 /* Controller */,
				A5D392A71F24FA8E00D18192 /* Assets */,
			);
			path = WeatherInfo;
			sourceTree = "<group>";
		};
		A5D392881F2481AD00D18192 /* WeatherInfoTests */ = {
			isa = PBXGroup;
			children = (
				A5D392891F2481AD00D18192 /* WeatherInfoTests.swift */,
				A5D3928B1F2481AD00D18192 /* Info.plist */,
			);
			path = WeatherInfoTests;
			sourceTree = "<group>";
		};
		A5D392931F2481AD00D18192 /* WeatherInfoUITests */ = {
			isa = PBXGroup;
			children = (
				A5D392941F2481AD00D18192 /* WeatherInfoUITests.swift */,
				A5D392961F2481AD00D18192 /* Info.plist */,
			);
			path = WeatherInfoUITests;
			sourceTree = "<group>";
		};
		A5D392A41F24FA6600D18192 /* Model */ = {
			isa = PBXGroup;
			children = (
				A5AAA14B1F26EDA80024DBC7 /* Model.xcdatamodeld */,
				A5AAA14F1F2704FF0024DBC7 /* Weather+CoreDataProperties.swift */,
				A5AAA14E1F2704FF0024DBC7 /* Weather+CoreDataClass.swift */,
				A51643651F2797E80087BCEA /* CoreDataStack.swift */,
				A5D392AA1F25092B00D18192 /* openWeatherParseClient.swift */,
			);
			name = Model;
			sourceTree = "<group>";
		};
		A5D392A51F24FA6B00D18192 /* View */ = {
			isa = PBXGroup;
			children = (
				A51643671F27A5160087BCEA /* ActivityIndicator.swift */,
				A51643691F27A5290087BCEA /* Animation.swift */,
				A516436B1F27A5440087BCEA /* ActivityIndicatorConfig.swift */,
			);
			name = View;
			sourceTree = "<group>";
		};
		A5D392A61F24FA7400D18192 /* Controller */ = {
			isa = PBXGroup;
			children = (
				A5D392A21F24FA4000D18192 /* WeatherSearchViewController.swift */,
				A516436D1F27A7D90087BCEA /* CoreDataTableViewController.swift */,
				A516436F1F27A8040087BCEA /* WeatherInfoTableViewController.swift */,
				A51643711F27B8D00087BCEA /* WeatherDetailViewController.swift */,
			);
			name = Controller;
			sourceTree = "<group>";
		};
		A5D392A71F24FA8E00D18192 /* Assets */ = {
			isa = PBXGroup;
			children = (
				A5D392781F2481AD00D18192 /* Main.storyboard */,
				A5D3927B1F2481AD00D18192 /* Assets.xcassets */,
				A5D3927D1F2481AD00D18192 /* LaunchScreen.storyboard */,
				A5D392801F2481AD00D18192 /* Info.plist */,
			);
			name = Assets;
			sourceTree = "<group>";
		};
/* End PBXGroup section */

/* Begin PBXNativeTarget section */
		A5D392701F2481AD00D18192 /* WeatherInfo */ = {
			isa = PBXNativeTarget;
			buildConfigurationList = A5D392991F2481AD00D18192 /* Build configuration list for PBXNativeTarget "WeatherInfo" */;
			buildPhases = (
				A5D3926D1F2481AD00D18192 /* Sources */,
				A5D3926E1F2481AD00D18192 /* Frameworks */,
				A5D3926F1F2481AD00D18192 /* Resources */,
			);
			buildRules = (
			);
			dependencies = (
			);
			name = WeatherInfo;
			productName = WeatherInfo;
			productReference = A5D392711F2481AD00D18192 /* WeatherInfo.app */;
			productType = "com.apple.product-type.application";
		};
		A5D392841F2481AD00D18192 /* WeatherInfoTests */ = {
			isa = PBXNativeTarget;
			buildConfigurationList = A5D3929C1F2481AD00D18192 /* Build configuration list for PBXNativeTarget "WeatherInfoTests" */;
			buildPhases = (
				A5D392811F2481AD00D18192 /* Sources */,
				A5D392821F2481AD00D18192 /* Frameworks */,
				A5D392831F2481AD00D18192 /* Resources */,
			);
			buildRules = (
			);
			dependencies = (
				A5D392871F2481AD00D18192 /* PBXTargetDependency */,
			);
			name = WeatherInfoTests;
			productName = WeatherInfoTests;
			productReference = A5D392851F2481AD00D18192 /* WeatherInfoTests.xctest */;
			productType = "com.apple.product-type.bundle.unit-test";
		};
		A5D3928F1F2481AD00D18192 /* WeatherInfoUITests */ = {
			isa = PBXNativeTarget;
			buildConfigurationList = A5D3929F1F2481AD00D18192 /* Build configuration list for PBXNativeTarget "WeatherInfoUITests" */;
			buildPhases = (
				A5D3928C1F2481AD00D18192 /* Sources */,
				A5D3928D1F2481AD00D18192 /* Frameworks */,
				A5D3928E1F2481AD00D18192 /* Resources */,
			);
			buildRules = (
			);
			dependencies = (
				A5D392921F2481AD00D18192 /* PBXTargetDependency */,
			);
			name = WeatherInfoUITests;
			productName = WeatherInfoUITests;
			productReference = A5D392901F2481AD00D18192 /* WeatherInfoUITests.xctest */;
			productType = "com.apple.product-type.bundle.ui-testing";
		};
/* End PBXNativeTarget section */

/* Begin PBXProject section */
		A5D392691F2481AD00D18192 /* Project object */ = {
			isa = PBXProject;
			attributes = {
				LastSwiftUpdateCheck = 0830;
				LastUpgradeCheck = 0830;
				ORGANIZATIONNAME = otd;
				TargetAttributes = {
					A5D392701F2481AD00D18192 = {
						CreatedOnToolsVersion = 8.3.3;
						DevelopmentTeam = A2ZQW9HUM3;
						ProvisioningStyle = Automatic;
					};
					A5D392841F2481AD00D18192 = {
						CreatedOnToolsVersion = 8.3.3;
						DevelopmentTeam = A2ZQW9HUM3;
						ProvisioningStyle = Automatic;
						TestTargetID = A5D392701F2481AD00D18192;
					};
					A5D3928F1F2481AD00D18192 = {
						CreatedOnToolsVersion = 8.3.3;
						DevelopmentTeam = A2ZQW9HUM3;
						ProvisioningStyle = Automatic;
						TestTargetID = A5D392701F2481AD00D18192;
					};
				};
			};
			buildConfigurationList = A5D3926C1F2481AD00D18192 /* Build configuration list for PBXProject "WeatherInfo" */;
			compatibilityVersion = "Xcode 3.2";
			developmentRegion = English;
			hasScannedForEncodings = 0;
			knownRegions = (
				en,
				Base,
			);
			mainGroup = A5D392681F2481AD00D18192;
			productRefGroup = A5D392721F2481AD00D18192 /* Products */;
			projectDirPath = "";
			projectRoot = "";
			targets = (
				A5D392701F2481AD00D18192 /* WeatherInfo */,
				A5D392841F2481AD00D18192 /* WeatherInfoTests */,
				A5D3928F1F2481AD00D18192 /* WeatherInfoUITests */,
			);
		};
/* End PBXProject section */

/* Begin PBXResourcesBuildPhase section */
		A5D3926F1F2481AD00D18192 /* Resources */ = {
			isa = PBXResourcesBuildPhase;
			buildActionMask = 2147483647;
			files = (
				A5D3927F1F2481AD00D18192 /* LaunchScreen.storyboard in Resources */,
				A5D3927C1F2481AD00D18192 /* Assets.xcassets in Resources */,
				A5D3927A1F2481AD00D18192 /* Main.storyboard in Resources */,
			);
			runOnlyForDeploymentPostprocessing = 0;
		};
		A5D392831F2481AD00D18192 /* Resources */ = {
			isa = PBXResourcesBuildPhase;
			buildActionMask = 2147483647;
			files = (
			);
			runOnlyForDeploymentPostprocessing = 0;
		};
		A5D3928E1F2481AD00D18192 /* Resources */ = {
			isa = PBXResourcesBuildPhase;
			buildActionMask = 2147483647;
			files = (
			);
			runOnlyForDeploymentPostprocessing = 0;
		};
/* End PBXResourcesBuildPhase section */

/* Begin PBXSourcesBuildPhase section */
		A5D3926D1F2481AD00D18192 /* Sources */ = {
			isa = PBXSourcesBuildPhase;
			buildActionMask = 2147483647;
			files = (
				A5AAA1501F2704FF0024DBC7 /* Weather+CoreDataClass.swift in Sources */,
				A5D392751F2481AD00D18192 /* AppDelegate.swift in Sources */,
				A516436E1F27A7D90087BCEA /* CoreDataTableViewController.swift in Sources */,
				A5D392A31F24FA4000D18192 /* WeatherSearchViewController.swift in Sources */,
				A5AAA14D1F26EDA80024DBC7 /* Model.xcdatamodeld in Sources */,
				A51643701F27A8040087BCEA /* WeatherInfoTableViewController.swift in Sources */,
				A5D392A91F25088300D18192 /* Constants.swift in Sources */,
				A5AAA1511F2704FF0024DBC7 /* Weather+CoreDataProperties.swift in Sources */,
				A5D392AB1F25092B00D18192 /* openWeatherParseClient.swift in Sources */,
				A51643681F27A5160087BCEA /* ActivityIndicator.swift in Sources */,
				A51643721F27B8D00087BCEA /* WeatherDetailViewController.swift in Sources */,
				A516436A1F27A5290087BCEA /* Animation.swift in Sources */,
				A51643661F2797E80087BCEA /* CoreDataStack.swift in Sources */,
				A516436C1F27A5440087BCEA /* ActivityIndicatorConfig.swift in Sources */,
			);
			runOnlyForDeploymentPostprocessing = 0;
		};
		A5D392811F2481AD00D18192 /* Sources */ = {
			isa = PBXSourcesBuildPhase;
			buildActionMask = 2147483647;
			files = (
				A5D3928A1F2481AD00D18192 /* WeatherInfoTests.swift in Sources */,
			);
			runOnlyForDeploymentPostprocessing = 0;
		};
		A5D3928C1F2481AD00D18192 /* Sources */ = {
			isa = PBXSourcesBuildPhase;
			buildActionMask = 2147483647;
			files = (
				A5D392951F2481AD00D18192 /* WeatherInfoUITests.swift in Sources */,
			);
			runOnlyForDeploymentPostprocessing = 0;
		};
/* End PBXSourcesBuildPhase section */

/* Begin PBXTargetDependency section */
		A5D392871F2481AD00D18192 /* PBXTargetDependency */ = {
			isa = PBXTargetDependency;
			target = A5D392701F2481AD00D18192 /* WeatherInfo */;
			targetProxy = A5D392861F2481AD00D18192 /* PBXContainerItemProxy */;
		};
		A5D392921F2481AD00D18192 /* PBXTargetDependency */ = {
			isa = PBXTargetDependency;
			target = A5D392701F2481AD00D18192 /* WeatherInfo */;
			targetProxy = A5D392911F2481AD00D18192 /* PBXContainerItemProxy */;
		};
/* End PBXTargetDependency section */

/* Begin PBXVariantGroup section */
		A5D392781F2481AD00D18192 /* Main.storyboard */ = {
			isa = PBXVariantGroup;
			children = (
				A5D392791F2481AD00D18192 /* Base */,
			);
			name = Main.storyboard;
			sourceTree = "<group>";
		};
		A5D3927D1F2481AD00D18192 /* LaunchScreen.storyboard */ = {
			isa = PBXVariantGroup;
			children = (
				A5D3927E1F2481AD00D18192 /* Base */,
			);
			name = LaunchScreen.storyboard;
			sourceTree = "<group>";
		};
/* End PBXVariantGroup section */

/* Begin XCBuildConfiguration section */
		A5D392971F2481AD00D18192 /* Debug */ = {
			isa = XCBuildConfiguration;
			buildSettings = {
				ALWAYS_SEARCH_USER_PATHS = NO;
				CLANG_ANALYZER_NONNULL = YES;
				CLANG_ANALYZER_NUMBER_OBJECT_CONVERSION = YES_AGGRESSIVE;
				CLANG_CXX_LANGUAGE_STANDARD = "gnu++0x";
				CLANG_CXX_LIBRARY = "libc++";
				CLANG_ENABLE_MODULES = YES;
				CLANG_ENABLE_OBJC_ARC = YES;
				CLANG_WARN_BOOL_CONVERSION = YES;
				CLANG_WARN_CONSTANT_CONVERSION = YES;
				CLANG_WARN_DIRECT_OBJC_ISA_USAGE = YES_ERROR;
				CLANG_WARN_DOCUMENTATION_COMMENTS = YES;
				CLANG_WARN_EMPTY_BODY = YES;
				CLANG_WARN_ENUM_CONVERSION = YES;
				CLANG_WARN_INFINITE_RECURSION = YES;
				CLANG_WARN_INT_CONVERSION = YES;
				CLANG_WARN_OBJC_ROOT_CLASS = YES_ERROR;
				CLANG_WARN_SUSPICIOUS_MOVE = YES;
				CLANG_WARN_UNREACHABLE_CODE = YES;
				CLANG_WARN__DUPLICATE_METHOD_MATCH = YES;
				"CODE_SIGN_IDENTITY[sdk=iphoneos*]" = "iPhone Developer";
				COPY_PHASE_STRIP = NO;
				DEBUG_INFORMATION_FORMAT = dwarf;
				ENABLE_STRICT_OBJC_MSGSEND = YES;
				ENABLE_TESTABILITY = YES;
				GCC_C_LANGUAGE_STANDARD = gnu99;
				GCC_DYNAMIC_NO_PIC = NO;
				GCC_NO_COMMON_BLOCKS = YES;
				GCC_OPTIMIZATION_LEVEL = 0;
				GCC_PREPROCESSOR_DEFINITIONS = (
					"DEBUG=1",
					"$(inherited)",
				);
				GCC_WARN_64_TO_32_BIT_CONVERSION = YES;
				GCC_WARN_ABOUT_RETURN_TYPE = YES_ERROR;
				GCC_WARN_UNDECLARED_SELECTOR = YES;
				GCC_WARN_UNINITIALIZED_AUTOS = YES_AGGRESSIVE;
				GCC_WARN_UNUSED_FUNCTION = YES;
				GCC_WARN_UNUSED_VARIABLE = YES;
				IPHONEOS_DEPLOYMENT_TARGET = 10.3;
				MTL_ENABLE_DEBUG_INFO = YES;
				ONLY_ACTIVE_ARCH = YES;
				SDKROOT = iphoneos;
				SWIFT_ACTIVE_COMPILATION_CONDITIONS = DEBUG;
				SWIFT_OPTIMIZATION_LEVEL = "-Onone";
				TARGETED_DEVICE_FAMILY = "1,2";
			};
			name = Debug;
		};
		A5D392981F2481AD00D18192 /* Release */ = {
			isa = XCBuildConfiguration;
			buildSettings = {
				ALWAYS_SEARCH_USER_PATHS = NO;
				CLANG_ANALYZER_NONNULL = YES;
				CLANG_ANALYZER_NUMBER_OBJECT_CONVERSION = YES_AGGRESSIVE;
				CLANG_CXX_LANGUAGE_STANDARD = "gnu++0x";
				CLANG_CXX_LIBRARY = "libc++";
				CLANG_ENABLE_MODULES = YES;
				CLANG_ENABLE_OBJC_ARC = YES;
				CLANG_WARN_BOOL_CONVERSION = YES;
				CLANG_WARN_CONSTANT_CONVERSION = YES;
				CLANG_WARN_DIRECT_OBJC_ISA_USAGE = YES_ERROR;
				CLANG_WARN_DOCUMENTATION_COMMENTS = YES;
				CLANG_WARN_EMPTY_BODY = YES;
				CLANG_WARN_ENUM_CONVERSION = YES;
				CLANG_WARN_INFINITE_RECURSION = YES;
				CLANG_WARN_INT_CONVERSION = YES;
				CLANG_WARN_OBJC_ROOT_CLASS = YES_ERROR;
				CLANG_WARN_SUSPICIOUS_MOVE = YES;
				CLANG_WARN_UNREACHABLE_CODE = YES;
				CLANG_WARN__DUPLICATE_METHOD_MATCH = YES;
				"CODE_SIGN_IDENTITY[sdk=iphoneos*]" = "iPhone Developer";
				COPY_PHASE_STRIP = NO;
				DEBUG_INFORMATION_FORMAT = "dwarf-with-dsym";
				ENABLE_NS_ASSERTIONS = NO;
				ENABLE_STRICT_OBJC_MSGSEND = YES;
				GCC_C_LANGUAGE_STANDARD = gnu99;
				GCC_NO_COMMON_BLOCKS = YES;
				GCC_WARN_64_TO_32_BIT_CONVERSION = YES;
				GCC_WARN_ABOUT_RETURN_TYPE = YES_ERROR;
				GCC_WARN_UNDECLARED_SELECTOR = YES;
				GCC_WARN_UNINITIALIZED_AUTOS = YES_AGGRESSIVE;
				GCC_WARN_UNUSED_FUNCTION = YES;
				GCC_WARN_UNUSED_VARIABLE = YES;
				IPHONEOS_DEPLOYMENT_TARGET = 10.3;
				MTL_ENABLE_DEBUG_INFO = NO;
				SDKROOT = iphoneos;
				SWIFT_OPTIMIZATION_LEVEL = "-Owholemodule";
				TARGETED_DEVICE_FAMILY = "1,2";
				VALIDATE_PRODUCT = YES;
			};
			name = Release;
		};
		A5D3929A1F2481AD00D18192 /* Debug */ = {
			isa = XCBuildConfiguration;
			buildSettings = {
				ASSETCATALOG_COMPILER_APPICON_NAME = AppIcon;
				DEVELOPMENT_TEAM = A2ZQW9HUM3;
				INFOPLIST_FILE = WeatherInfo/Info.plist;
				LD_RUNPATH_SEARCH_PATHS = "$(inherited) @executable_path/Frameworks";
				PRODUCT_BUNDLE_IDENTIFIER = com.otd.WeatherInfo;
				PRODUCT_NAME = "$(TARGET_NAME)";
				SWIFT_VERSION = 3.0;
			};
			name = Debug;
		};
		A5D3929B1F2481AD00D18192 /* Release */ = {
			isa = XCBuildConfiguration;
			buildSettings = {
				ASSETCATALOG_COMPILER_APPICON_NAME = AppIcon;
				DEVELOPMENT_TEAM = A2ZQW9HUM3;
				INFOPLIST_FILE = WeatherInfo/Info.plist;
				LD_RUNPATH_SEARCH_PATHS = "$(inherited) @executable_path/Frameworks";
				PRODUCT_BUNDLE_IDENTIFIER = com.otd.WeatherInfo;
				PRODUCT_NAME = "$(TARGET_NAME)";
				SWIFT_VERSION = 3.0;
			};
			name = Release;
		};
		A5D3929D1F2481AD00D18192 /* Debug */ = {
			isa = XCBuildConfiguration;
			buildSettings = {
				ALWAYS_EMBED_SWIFT_STANDARD_LIBRARIES = YES;
				BUNDLE_LOADER = "$(TEST_HOST)";
				DEVELOPMENT_TEAM = A2ZQW9HUM3;
				INFOPLIST_FILE = WeatherInfoTests/Info.plist;
				LD_RUNPATH_SEARCH_PATHS = "$(inherited) @executable_path/Frameworks @loader_path/Frameworks";
				PRODUCT_BUNDLE_IDENTIFIER = com.otd.WeatherInfoTests;
				PRODUCT_NAME = "$(TARGET_NAME)";
				SWIFT_VERSION = 3.0;
				TEST_HOST = "$(BUILT_PRODUCTS_DIR)/WeatherInfo.app/WeatherInfo";
			};
			name = Debug;
		};
		A5D3929E1F2481AD00D18192 /* Release */ = {
			isa = XCBuildConfiguration;
			buildSettings = {
				ALWAYS_EMBED_SWIFT_STANDARD_LIBRARIES = YES;
				BUNDLE_LOADER = "$(TEST_HOST)";
				DEVELOPMENT_TEAM = A2ZQW9HUM3;
				INFOPLIST_FILE = WeatherInfoTests/Info.plist;
				LD_RUNPATH_SEARCH_PATHS = "$(inherited) @executable_path/Frameworks @loader_path/Frameworks";
				PRODUCT_BUNDLE_IDENTIFIER = com.otd.WeatherInfoTests;
				PRODUCT_NAME = "$(TARGET_NAME)";
				SWIFT_VERSION = 3.0;
				TEST_HOST = "$(BUILT_PRODUCTS_DIR)/WeatherInfo.app/WeatherInfo";
			};
			name = Release;
		};
		A5D392A01F2481AD00D18192 /* Debug */ = {
			isa = XCBuildConfiguration;
			buildSettings = {
				ALWAYS_EMBED_SWIFT_STANDARD_LIBRARIES = YES;
				DEVELOPMENT_TEAM = A2ZQW9HUM3;
				INFOPLIST_FILE = WeatherInfoUITests/Info.plist;
				LD_RUNPATH_SEARCH_PATHS = "$(inherited) @executable_path/Frameworks @loader_path/Frameworks";
				PRODUCT_BUNDLE_IDENTIFIER = com.otd.WeatherInfoUITests;
				PRODUCT_NAME = "$(TARGET_NAME)";
				SWIFT_VERSION = 3.0;
				TEST_TARGET_NAME = WeatherInfo;
			};
			name = Debug;
		};
		A5D392A11F2481AD00D18192 /* Release */ = {
			isa = XCBuildConfiguration;
			buildSettings = {
				ALWAYS_EMBED_SWIFT_STANDARD_LIBRARIES = YES;
				DEVELOPMENT_TEAM = A2ZQW9HUM3;
				INFOPLIST_FILE = WeatherInfoUITests/Info.plist;
				LD_RUNPATH_SEARCH_PATHS = "$(inherited) @executable_path/Frameworks @loader_path/Frameworks";
				PRODUCT_BUNDLE_IDENTIFIER = com.otd.WeatherInfoUITests;
				PRODUCT_NAME = "$(TARGET_NAME)";
				SWIFT_VERSION = 3.0;
				TEST_TARGET_NAME = WeatherInfo;
			};
			name = Release;
		};
/* End XCBuildConfiguration section */

/* Begin XCConfigurationList section */
		A5D3926C1F2481AD00D18192 /* Build configuration list for PBXProject "WeatherInfo" */ = {
			isa = XCConfigurationList;
			buildConfigurations = (
				A5D392971F2481AD00D18192 /* Debug */,
				A5D392981F2481AD00D18192 /* Release */,
			);
			defaultConfigurationIsVisible = 0;
			defaultConfigurationName = Release;
		};
		A5D392991F2481AD00D18192 /* Build configuration list for PBXNativeTarget "WeatherInfo" */ = {
			isa = XCConfigurationList;
			buildConfigurations = (
				A5D3929A1F2481AD00D18192 /* Debug */,
				A5D3929B1F2481AD00D18192 /* Release */,
			);
			defaultConfigurationIsVisible = 0;
			defaultConfigurationName = Release;
		};
		A5D3929C1F2481AD00D18192 /* Build configuration list for PBXNativeTarget "WeatherInfoTests" */ = {
			isa = XCConfigurationList;
			buildConfigurations = (
				A5D3929D1F2481AD00D18192 /* Debug */,
				A5D3929E1F2481AD00D18192 /* Release */,
			);
			defaultConfigurationIsVisible = 0;
			defaultConfigurationName = Release;
		};
		A5D3929F1F2481AD00D18192 /* Build configuration list for PBXNativeTarget "WeatherInfoUITests" */ = {
			isa = XCConfigurationList;
			buildConfigurations = (
				A5D392A01F2481AD00D18192 /* Debug */,
				A5D392A11F2481AD00D18192 /* Release */,
			);
			defaultConfigurationIsVisible = 0;
			defaultConfigurationName = Release;
		};
/* End XCConfigurationList section */

/* Begin XCVersionGroup section */
		A5AAA14B1F26EDA80024DBC7 /* Model.xcdatamodeld */ = {
			isa = XCVersionGroup;
			children = (
				A5AAA14C1F26EDA80024DBC7 /* Model.xcdatamodel */,
			);
			currentVersion = A5AAA14C1F26EDA80024DBC7 /* Model.xcdatamodel */;
			path = Model.xcdatamodeld;
			sourceTree = "<group>";
			versionGroupType = wrapper.xcdatamodel;
		};
/* End XCVersionGroup section */
	};
	rootObject = A5D392691F2481AD00D18192 /* Project object */;
}
